// !$*UTF8*$!
{
	archiveVersion = 1;
	classes = {
	};
	objectVersion = 46;
	objects = {

/* Begin PBXBuildFile section */
		9469D23F1A4A0572004E28E1 /* AppDelegate.swift in Sources */ = {isa = PBXBuildFile; fileRef = 9469D23E1A4A0572004E28E1 /* AppDelegate.swift */; };
		9469D2421A4A0572004E28E1 /* ShoeConverter.xcdatamodeld in Sources */ = {isa = PBXBuildFile; fileRef = 9469D2401A4A0572004E28E1 /* ShoeConverter.xcdatamodeld */; };
		9469D2441A4A0572004E28E1 /* ViewController.swift in Sources */ = {isa = PBXBuildFile; fileRef = 9469D2431A4A0572004E28E1 /* ViewController.swift */; };
		9469D2471A4A0572004E28E1 /* Main.storyboard in Resources */ = {isa = PBXBuildFile; fileRef = 9469D2451A4A0572004E28E1 /* Main.storyboard */; };
		9469D2491A4A0572004E28E1 /* Images.xcassets in Resources */ = {isa = PBXBuildFile; fileRef = 9469D2481A4A0572004E28E1 /* Images.xcassets */; };
		9469D24C1A4A0572004E28E1 /* LaunchScreen.xib in Resources */ = {isa = PBXBuildFile; fileRef = 9469D24A1A4A0572004E28E1 /* LaunchScreen.xib */; };
		9469D2581A4A0572004E28E1 /* ShoeConverterTests.swift in Sources */ = {isa = PBXBuildFile; fileRef = 9469D2571A4A0572004E28E1 /* ShoeConverterTests.swift */; };
/* End PBXBuildFile section */

/* Begin PBXContainerItemProxy section */
		9469D2521A4A0572004E28E1 /* PBXContainerItemProxy */ = {
			isa = PBXContainerItemProxy;
			containerPortal = 9469D2311A4A0572004E28E1 /* Project object */;
			proxyType = 1;
			remoteGlobalIDString = 9469D2381A4A0572004E28E1;
			remoteInfo = ShoeConverter;
		};
/* End PBXContainerItemProxy section */

/* Begin PBXFileReference section */
		9469D2391A4A0572004E28E1 /* ShoeConverter.app */ = {isa = PBXFileReference; explicitFileType = wrapper.application; includeInIndex = 0; path = ShoeConverter.app; sourceTree = BUILT_PRODUCTS_DIR; };
		9469D23D1A4A0572004E28E1 /* Info.plist */ = {isa = PBXFileReference; lastKnownFileType = text.plist.xml; path = Info.plist; sourceTree = "<group>"; };
		9469D23E1A4A0572004E28E1 /* AppDelegate.swift */ = {isa = PBXFileReference; lastKnownFileType = sourcecode.swift; path = AppDelegate.swift; sourceTree = "<group>"; };
		9469D2411A4A0572004E28E1 /* ShoeConverter.xcdatamodel */ = {isa = PBXFileReference; lastKnownFileType = wrapper.xcdatamodel; path = ShoeConverter.xcdatamodel; sourceTree = "<group>"; };
		9469D2431A4A0572004E28E1 /* ViewController.swift */ = {isa = PBXFileReference; lastKnownFileType = sourcecode.swift; path = ViewController.swift; sourceTree = "<group>"; };
		9469D2461A4A0572004E28E1 /* Base */ = {isa = PBXFileReference; lastKnownFileType = file.storyboard; name = Base; path = Base.lproj/Main.storyboard; sourceTree = "<group>"; };
		9469D2481A4A0572004E28E1 /* Images.xcassets */ = {isa = PBXFileReference; lastKnownFileType = folder.assetcatalog; path = Images.xcassets; sourceTree = "<group>"; };
		9469D24B1A4A0572004E28E1 /* Base */ = {isa = PBXFileReference; lastKnownFileType = file.xib; name = Base; path = Base.lproj/LaunchScreen.xib; sourceTree = "<group>"; };
		9469D2511A4A0572004E28E1 /* ShoeConverterTests.xctest */ = {isa = PBXFileReference; explicitFileType = wrapper.cfbundle; includeInIndex = 0; path = ShoeConverterTests.xctest; sourceTree = BUILT_PRODUCTS_DIR; };
		9469D2561A4A0572004E28E1 /* Info.plist */ = {isa = PBXFileReference; lastKnownFileType = text.plist.xml; path = Info.plist; sourceTree = "<group>"; };
		9469D2571A4A0572004E28E1 /* ShoeConverterTests.swift */ = {isa = PBXFileReference; lastKnownFileType = sourcecode.swift; path = ShoeConverterTests.swift; sourceTree = "<group>"; };
/* End PBXFileReference section */

/* Begin PBXFrameworksBuildPhase section */
		9469D2361A4A0572004E28E1 /* Frameworks */ = {
			isa = PBXFrameworksBuildPhase;
			buildActionMask = 2147483647;
			files = (
			);
			runOnlyForDeploymentPostprocessing = 0;
		};
		9469D24E1A4A0572004E28E1 /* Frameworks */ = {
			isa = PBXFrameworksBuildPhase;
			buildActionMask = 2147483647;
			files = (
			);
			runOnlyForDeploymentPostprocessing = 0;
		};
/* End PBXFrameworksBuildPhase section */

/* Begin PBXGroup section */
		9469D2301A4A0572004E28E1 = {
			isa = PBXGroup;
			children = (
				9469D23B1A4A0572004E28E1 /* ShoeConverter */,
				9469D2541A4A0572004E28E1 /* ShoeConverterTests */,
				9469D23A1A4A0572004E28E1 /* Products */,
			);
			sourceTree = "<group>";
		};
		9469D23A1A4A0572004E28E1 /* Products */ = {
			isa = PBXGroup;
			children = (
				9469D2391A4A0572004E28E1 /* ShoeConverter.app */,
				9469D2511A4A0572004E28E1 /* ShoeConverterTests.xctest */,
			);
			name = Products;
			sourceTree = "<group>";
		};
		9469D23B1A4A0572004E28E1 /* ShoeConverter */ = {
			isa = PBXGroup;
			children = (
				9469D23E1A4A0572004E28E1 /* AppDelegate.swift */,
				9469D2431A4A0572004E28E1 /* ViewController.swift */,
				9469D2451A4A0572004E28E1 /* Main.storyboard */,
				9469D2481A4A0572004E28E1 /* Images.xcassets */,
				9469D24A1A4A0572004E28E1 /* LaunchScreen.xib */,
				9469D2401A4A0572004E28E1 /* ShoeConverter.xcdatamodeld */,
				9469D23C1A4A0572004E28E1 /* Supporting Files */,
			);
			path = ShoeConverter;
			sourceTree = "<group>";
		};
		9469D23C1A4A0572004E28E1 /* Supporting Files */ = {
			isa = PBXGroup;
			children = (
				9469D23D1A4A0572004E28E1 /* Info.plist */,
			);
			name = "Supporting Files";
			sourceTree = "<group>";
		};
		9469D2541A4A0572004E28E1 /* ShoeConverterTests */ = {
			isa = PBXGroup;
			children = (
				9469D2571A4A0572004E28E1 /* ShoeConverterTests.swift */,
				9469D2551A4A0572004E28E1 /* Supporting Files */,
			);
			path = ShoeConverterTests;
			sourceTree = "<group>";
		};
		9469D2551A4A0572004E28E1 /* Supporting Files */ = {
			isa = PBXGroup;
			children = (
				9469D2561A4A0572004E28E1 /* Info.plist */,
			);
			name = "Supporting Files";
			sourceTree = "<group>";
		};
/* End PBXGroup section */

/* Begin PBXNativeTarget section */
		9469D2381A4A0572004E28E1 /* ShoeConverter */ = {
			isa = PBXNativeTarget;
			buildConfigurationList = 9469D25B1A4A0572004E28E1 /* Build configuration list for PBXNativeTarget "ShoeConverter" */;
			buildPhases = (
				9469D2351A4A0572004E28E1 /* Sources */,
				9469D2361A4A0572004E28E1 /* Frameworks */,
				9469D2371A4A0572004E28E1 /* Resources */,
			);
			buildRules = (
			);
			dependencies = (
			);
			name = ShoeConverter;
			productName = ShoeConverter;
			productReference = 9469D2391A4A0572004E28E1 /* ShoeConverter.app */;
			productType = "com.apple.product-type.application";
		};
		9469D2501A4A0572004E28E1 /* ShoeConverterTests */ = {
			isa = PBXNativeTarget;
			buildConfigurationList = 9469D25E1A4A0572004E28E1 /* Build configuration list for PBXNativeTarget "ShoeConverterTests" */;
			buildPhases = (
				9469D24D1A4A0572004E28E1 /* Sources */,
				9469D24E1A4A0572004E28E1 /* Frameworks */,
				9469D24F1A4A0572004E28E1 /* Resources */,
			);
			buildRules = (
			);
			dependencies = (
				9469D2531A4A0572004E28E1 /* PBXTargetDependency */,
			);
			name = ShoeConverterTests;
			productName = ShoeConverterTests;
			productReference = 9469D2511A4A0572004E28E1 /* ShoeConverterTests.xctest */;
			productType = "com.apple.product-type.bundle.unit-test";
		};
/* End PBXNativeTarget section */

/* Begin PBXProject section */
		9469D2311A4A0572004E28E1 /* Project object */ = {
			isa = PBXProject;
			attributes = {
				LastUpgradeCheck = 0610;
				ORGANIZATIONNAME = "Ryan Liu";
				TargetAttributes = {
					9469D2381A4A0572004E28E1 = {
						CreatedOnToolsVersion = 6.1.1;
					};
					9469D2501A4A0572004E28E1 = {
						CreatedOnToolsVersion = 6.1.1;
						TestTargetID = 9469D2381A4A0572004E28E1;
					};
				};
			};
			buildConfigurationList = 9469D2341A4A0572004E28E1 /* Build configuration list for PBXProject "ShoeConverter" */;
			compatibilityVersion = "Xcode 3.2";
			developmentRegion = English;
			hasScannedForEncodings = 0;
			knownRegions = (
				en,
				Base,
			);
			mainGroup = 9469D2301A4A0572004E28E1;
			productRefGroup = 9469D23A1A4A0572004E28E1 /* Products */;
			projectDirPath = "";
			projectRoot = "";
			targets = (
				9469D2381A4A0572004E28E1 /* ShoeConverter */,
				9469D2501A4A0572004E28E1 /* ShoeConverterTests */,
			);
		};
/* End PBXProject section */

/* Begin PBXResourcesBuildPhase section */
		9469D2371A4A0572004E28E1 /* Resources */ = {
			isa = PBXResourcesBuildPhase;
			buildActionMask = 2147483647;
			files = (
				9469D2471A4A0572004E28E1 /* Main.storyboard in Resources */,
				9469D24C1A4A0572004E28E1 /* LaunchScreen.xib in Resources */,
				9469D2491A4A0572004E28E1 /* Images.xcassets in Resources */,
			);
			runOnlyForDeploymentPostprocessing = 0;
		};
		9469D24F1A4A0572004E28E1 /* Resources */ = {
			isa = PBXResourcesBuildPhase;
			buildActionMask = 2147483647;
			files = (
			);
			runOnlyForDeploymentPostprocessing = 0;
		};
/* End PBXResourcesBuildPhase section */

/* Begin PBXSourcesBuildPhase section */
		9469D2351A4A0572004E28E1 /* Sources */ = {
			isa = PBXSourcesBuildPhase;
			buildActionMask = 2147483647;
			files = (
				9469D2441A4A0572004E28E1 /* ViewController.swift in Sources */,
				9469D23F1A4A0572004E28E1 /* AppDelegate.swift in Sources */,
				9469D2421A4A0572004E28E1 /* ShoeConverter.xcdatamodeld in Sources */,
			);
			runOnlyForDeploymentPostprocessing = 0;
		};
		9469D24D1A4A0572004E28E1 /* Sources */ = {
			isa = PBXSourcesBuildPhase;
			buildActionMask = 2147483647;
			files = (
				9469D2581A4A0572004E28E1 /* ShoeConverterTests.swift in Sources */,
			);
			runOnlyForDeploymentPostprocessing = 0;
		};
/* End PBXSourcesBuildPhase section */

/* Begin PBXTargetDependency section */
		9469D2531A4A0572004E28E1 /* PBXTargetDependency */ = {
			isa = PBXTargetDependency;
			target = 9469D2381A4A0572004E28E1 /* ShoeConverter */;
			targetProxy = 9469D2521A4A0572004E28E1 /* PBXContainerItemProxy */;
		};
/* End PBXTargetDependency section */

/* Begin PBXVariantGroup section */
		9469D2451A4A0572004E28E1 /* Main.storyboard */ = {
			isa = PBXVariantGroup;
			children = (
				9469D2461A4A0572004E28E1 /* Base */,
			);
			name = Main.storyboard;
			sourceTree = "<group>";
		};
		9469D24A1A4A0572004E28E1 /* LaunchScreen.xib */ = {
			isa = PBXVariantGroup;
			children = (
				9469D24B1A4A0572004E28E1 /* Base */,
			);
			name = LaunchScreen.xib;
			sourceTree = "<group>";
		};
/* End PBXVariantGroup section */

/* Begin XCBuildConfiguration section */
		9469D2591A4A0572004E28E1 /* Debug */ = {
			isa = XCBuildConfiguration;
			buildSettings = {
				ALWAYS_SEARCH_USER_PATHS = NO;
				CLANG_CXX_LANGUAGE_STANDARD = "gnu++0x";
				CLANG_CXX_LIBRARY = "libc++";
				CLANG_ENABLE_MODULES = YES;
				CLANG_ENABLE_OBJC_ARC = YES;
				CLANG_WARN_BOOL_CONVERSION = YES;
				CLANG_WARN_CONSTANT_CONVERSION = YES;
				CLANG_WARN_DIRECT_OBJC_ISA_USAGE = YES_ERROR;
				CLANG_WARN_EMPTY_BODY = YES;
				CLANG_WARN_ENUM_CONVERSION = YES;
				CLANG_WARN_INT_CONVERSION = YES;
				CLANG_WARN_OBJC_ROOT_CLASS = YES_ERROR;
				CLANG_WARN_UNREACHABLE_CODE = YES;
				CLANG_WARN__DUPLICATE_METHOD_MATCH = YES;
				"CODE_SIGN_IDENTITY[sdk=iphoneos*]" = "iPhone Developer";
				COPY_PHASE_STRIP = NO;
				ENABLE_STRICT_OBJC_MSGSEND = YES;
				GCC_C_LANGUAGE_STANDARD = gnu99;
				GCC_DYNAMIC_NO_PIC = NO;
				GCC_OPTIMIZATION_LEVEL = 0;
				GCC_PREPROCESSOR_DEFINITIONS = (
					"DEBUG=1",
					"$(inherited)",
				);
				GCC_SYMBOLS_PRIVATE_EXTERN = NO;
				GCC_WARN_64_TO_32_BIT_CONVERSION = YES;
				GCC_WARN_ABOUT_RETURN_TYPE = YES_ERROR;
				GCC_WARN_UNDECLARED_SELECTOR = YES;
				GCC_WARN_UNINITIALIZED_AUTOS = YES_AGGRESSIVE;
				GCC_WARN_UNUSED_FUNCTION = YES;
				GCC_WARN_UNUSED_VARIABLE = YES;
				IPHONEOS_DEPLOYMENT_TARGET = 8.1;
				MTL_ENABLE_DEBUG_INFO = YES;
				ONLY_ACTIVE_ARCH = YES;
				SDKROOT = iphoneos;
				SWIFT_OPTIMIZATION_LEVEL = "-Onone";
				TARGETED_DEVICE_FAMILY = "1,2";
			};
			name = Debug;
		};
		9469D25A1A4A0572004E28E1 /* Release */ = {
			isa = XCBuildConfiguration;
			buildSettings = {
				ALWAYS_SEARCH_USER_PATHS = NO;
				CLANG_CXX_LANGUAGE_STANDARD = "gnu++0x";
				CLANG_CXX_LIBRARY = "libc++";
				CLANG_ENABLE_MODULES = YES;
				CLANG_ENABLE_OBJC_ARC = YES;
				CLANG_WARN_BOOL_CONVERSION = YES;
				CLANG_WARN_CONSTANT_CONVERSION = YES;
				CLANG_WARN_DIRECT_OBJC_ISA_USAGE = YES_ERROR;
				CLANG_WARN_EMPTY_BODY = YES;
				CLANG_WARN_ENUM_CONVERSION = YES;
				CLANG_WARN_INT_CONVERSION = YES;
				CLANG_WARN_OBJC_ROOT_CLASS = YES_ERROR;
				CLANG_WARN_UNREACHABLE_CODE = YES;
				CLANG_WARN__DUPLICATE_METHOD_MATCH = YES;
				"CODE_SIGN_IDENTITY[sdk=iphoneos*]" = "iPhone Developer";
				COPY_PHASE_STRIP = YES;
				ENABLE_NS_ASSERTIONS = NO;
				ENABLE_STRICT_OBJC_MSGSEND = YES;
				GCC_C_LANGUAGE_STANDARD = gnu99;
				GCC_WARN_64_TO_32_BIT_CONVERSION = YES;
				GCC_WARN_ABOUT_RETURN_TYPE = YES_ERROR;
				GCC_WARN_UNDECLARED_SELECTOR = YES;
				GCC_WARN_UNINITIALIZED_AUTOS = YES_AGGRESSIVE;
				GCC_WARN_UNUSED_FUNCTION = YES;
				GCC_WARN_UNUSED_VARIABLE = YES;
				IPHONEOS_DEPLOYMENT_TARGET = 8.1;
				MTL_ENABLE_DEBUG_INFO = NO;
				SDKROOT = iphoneos;
				TARGETED_DEVICE_FAMILY = "1,2";
				VALIDATE_PRODUCT = YES;
			};
			name = Release;
		};
		9469D25C1A4A0572004E28E1 /* Debug */ = {
			isa = XCBuildConfiguration;
			buildSettings = {
				ASSETCATALOG_COMPILER_APPICON_NAME = AppIcon;
				INFOPLIST_FILE = ShoeConverter/Info.plist;
				LD_RUNPATH_SEARCH_PATHS = "$(inherited) @executable_path/Frameworks";
				PRODUCT_NAME = "$(TARGET_NAME)";
			};
			name = Debug;
		};
		9469D25D1A4A0572004E28E1 /* Release */ = {
			isa = XCBuildConfiguration;
			buildSettings = {
				ASSETCATALOG_COMPILER_APPICON_NAME = AppIcon;
				INFOPLIST_FILE = ShoeConverter/Info.plist;
				LD_RUNPATH_SEARCH_PATHS = "$(inherited) @executable_path/Frameworks";
				PRODUCT_NAME = "$(TARGET_NAME)";
			};
			name = Release;
		};
		9469D25F1A4A0572004E28E1 /* Debug */ = {
			isa = XCBuildConfiguration;
			buildSettings = {
				BUNDLE_LOADER = "$(TEST_HOST)";
				FRAMEWORK_SEARCH_PATHS = (
					"$(SDKROOT)/Developer/Library/Frameworks",
					"$(inherited)",
				);
				GCC_PREPROCESSOR_DEFINITIONS = (
					"DEBUG=1",
					"$(inherited)",
				);
				INFOPLIST_FILE = ShoeConverterTests/Info.plist;
				LD_RUNPATH_SEARCH_PATHS = "$(inherited) @executable_path/Frameworks @loader_path/Frameworks";
				PRODUCT_NAME = "$(TARGET_NAME)";
				TEST_HOST = "$(BUILT_PRODUCTS_DIR)/ShoeConverter.app/ShoeConverter";
			};
			name = Debug;
		};
		9469D2601A4A0572004E28E1 /* Release */ = {
			isa = XCBuildConfiguration;
			buildSettings = {
				BUNDLE_LOADER = "$(TEST_HOST)";
				FRAMEWORK_SEARCH_PATHS = (
					"$(SDKROOT)/Developer/Library/Frameworks",
					"$(inherited)",
				);
				INFOPLIST_FILE = ShoeConverterTests/Info.plist;
				LD_RUNPATH_SEARCH_PATHS = "$(inherited) @executable_path/Frameworks @loader_path/Frameworks";
				PRODUCT_NAME = "$(TARGET_NAME)";
				TEST_HOST = "$(BUILT_PRODUCTS_DIR)/ShoeConverter.app/ShoeConverter";
			};
			name = Release;
		};
/* End XCBuildConfiguration section */

/* Begin XCConfigurationList section */
		9469D2341A4A0572004E28E1 /* Build configuration list for PBXProject "ShoeConverter" */ = {
			isa = XCConfigurationList;
			buildConfigurations = (
				9469D2591A4A0572004E28E1 /* Debug */,
				9469D25A1A4A0572004E28E1 /* Release */,
			);
			defaultConfigurationIsVisible = 0;
			defaultConfigurationName = Release;
		};
		9469D25B1A4A0572004E28E1 /* Build configuration list for PBXNativeTarget "ShoeConverter" */ = {
			isa = XCConfigurationList;
			buildConfigurations = (
				9469D25C1A4A0572004E28E1 /* Debug */,
				9469D25D1A4A0572004E28E1 /* Release */,
			);
			defaultConfigurationIsVisible = 0;
		};
		9469D25E1A4A0572004E28E1 /* Build configuration list for PBXNativeTarget "ShoeConverterTests" */ = {
			isa = XCConfigurationList;
			buildConfigurations = (
				9469D25F1A4A0572004E28E1 /* Debug */,
				9469D2601A4A0572004E28E1 /* Release */,
			);
			defaultConfigurationIsVisible = 0;
		};
/* End XCConfigurationList section */

/* Begin XCVersionGroup section */
		9469D2401A4A0572004E28E1 /* ShoeConverter.xcdatamodeld */ = {
			isa = XCVersionGroup;
			children = (
				9469D2411A4A0572004E28E1 /* ShoeConverter.xcdatamodel */,
			);
			currentVersion = 9469D2411A4A0572004E28E1 /* ShoeConverter.xcdatamodel */;
			path = ShoeConverter.xcdatamodeld;
			sourceTree = "<group>";
			versionGroupType = wrapper.xcdatamodel;
		};
/* End XCVersionGroup section */
	};
	rootObject = 9469D2311A4A0572004E28E1 /* Project object */;
}
